
Microsoft Visual Studio Solution File, Format Version 11.00
# Visual Studio 2010
Project("{FAE04EC0-301F-11D3-BF4B-00C04F79EFBC}") = "GameAssembly", "GameAssembly.csproj", "{44AE51CF-7F62-7A68-34FC-BA9B0F0EF1DD}"
EndProject
Project("{FAE04EC0-301F-11D3-BF4B-00C04F79EFBC}") = "Tests", "Tests.csproj", "{54FDA65D-4551-CD95-B3CC-318B2DDD7492}"
EndProject
Global
	GlobalSection(SolutionConfigurationPlatforms) = preSolution
		Debug|Any CPU = Debug|Any CPU
		Release|Any CPU = Release|Any CPU
	EndGlobalSection
	GlobalSection(ProjectConfigurationPlatforms) = postSolution
		{44AE51CF-7F62-7A68-34FC-BA9B0F0EF1DD}.Debug|Any CPU.ActiveCfg = Debug|Any CPU
		{44AE51CF-7F62-7A68-34FC-BA9B0F0EF1DD}.Debug|Any CPU.Build.0 = Debug|Any CPU
		{44AE51CF-7F62-7A68-34FC-BA9B0F0EF1DD}.Release|Any CPU.ActiveCfg = Release|Any CPU
		{44AE51CF-7F62-7A68-34FC-BA9B0F0EF1DD}.Release|Any CPU.Build.0 = Release|Any CPU
		{54FDA65D-4551-CD95-B3CC-318B2DDD7492}.Debug|Any CPU.ActiveCfg = Debug|Any CPU
		{54FDA65D-4551-CD95-B3CC-318B2DDD7492}.Debug|Any CPU.Build.0 = Debug|Any CPU
		{54FDA65D-4551-CD95-B3CC-318B2DDD7492}.Release|Any CPU.ActiveCfg = Release|Any CPU
		{54FDA65D-4551-CD95-B3CC-318B2DDD7492}.Release|Any CPU.Build.0 = Release|Any CPU
	EndGlobalSection
	GlobalSection(SolutionProperties) = preSolution
		HideSolutionNode = FALSE
	EndGlobalSection
EndGlobal
